Microsoft Visual Studio Solution File, Format Version 12.00
# Visual Studio Version 17
VisualStudioVersion = 17.5.2.0
MinimumVisualStudioVersion = 10.0.40219.1
Project("{FAE04EC0-301F-11D3-BF4B-00C04F79EFBC}") = "Api_IA", "Api_IA.csproj", "{22798ECC-9D56-D33C-5AD0-D7E99CAE8C22}"
EndProject
Global
	GlobalSection(SolutionConfigurationPlatforms) = preSolution
		Debug|Any CPU = Debug|Any CPU
		Release|Any CPU = Release|Any CPU
	EndGlobalSection
	GlobalSection(ProjectConfigurationPlatforms) = postSolution
		{22798ECC-9D56-D33C-5AD0-D7E99CAE8C22}.Debug|Any CPU.ActiveCfg = Debug|Any CPU
		{22798ECC-9D56-D33C-5AD0-D7E99CAE8C22}.Debug|Any CPU.Build.0 = Debug|Any CPU
		{22798ECC-9D56-D33C-5AD0-D7E99CAE8C22}.Release|Any CPU.ActiveCfg = Release|Any CPU
		{22798ECC-9D56-D33C-5AD0-D7E99CAE8C22}.Release|Any CPU.Build.0 = Release|Any CPU
	EndGlobalSection
	GlobalSection(SolutionProperties) = preSolution
		HideSolutionNode = FALSE
	EndGlobalSection
	GlobalSection(ExtensibilityGlobals) = postSolution
		SolutionGuid = {5B8CCF44-FBC5-4E38-8512-EE32ABA49E0F}
	EndGlobalSection
EndGlobal
